// !$*UTF8*$!
{
	archiveVersion = 1;
	classes = {
	};
	objectVersion = 77;
	objects = {

/* Begin PBXBuildFile section */
		69B640D92E3DC7760068FC13 /* SwiftUISnackbar in Frameworks */ = {isa = PBXBuildFile; productRef = 69B640D82E3DC7760068FC13 /* SwiftUISnackbar */; };
		69B640DE2E3EBE0C0068FC13 /* SwiftyJSON in Frameworks */ = {isa = PBXBuildFile; productRef = 69B640DD2E3EBE0C0068FC13 /* SwiftyJSON */; };
/* End PBXBuildFile section */

/* Begin PBXContainerItemProxy section */
		69CCFF8F2E0B4FC900B3E242 /* PBXContainerItemProxy */ = {
			isa = PBXContainerItemProxy;
			containerPortal = 69CCFF792E0B4FC700B3E242 /* Project object */;
			proxyType = 1;
			remoteGlobalIDString = 69CCFF802E0B4FC700B3E242;
			remoteInfo = "Idle Game";
		};
		69CCFF992E0B4FC900B3E242 /* PBXContainerItemProxy */ = {
			isa = PBXContainerItemProxy;
			containerPortal = 69CCFF792E0B4FC700B3E242 /* Project object */;
			proxyType = 1;
			remoteGlobalIDString = 69CCFF802E0B4FC700B3E242;
			remoteInfo = "Idle Game";
		};
/* End PBXContainerItemProxy section */

/* Begin PBXFileReference section */
		69CCFF812E0B4FC700B3E242 /* Idle Game.app */ = {isa = PBXFileReference; explicitFileType = wrapper.application; includeInIndex = 0; path = "Idle Game.app"; sourceTree = BUILT_PRODUCTS_DIR; };
		69CCFF8E2E0B4FC900B3E242 /* Idle GameTests.xctest */ = {isa = PBXFileReference; explicitFileType = wrapper.cfbundle; includeInIndex = 0; path = "Idle GameTests.xctest"; sourceTree = BUILT_PRODUCTS_DIR; };
		69CCFF982E0B4FC900B3E242 /* Idle GameUITests.xctest */ = {isa = PBXFileReference; explicitFileType = wrapper.cfbundle; includeInIndex = 0; path = "Idle GameUITests.xctest"; sourceTree = BUILT_PRODUCTS_DIR; };
/* End PBXFileReference section */

/* Begin PBXFileSystemSynchronizedRootGroup section */
		69CCFF832E0B4FC700B3E242 /* Idle Game */ = {
			isa = PBXFileSystemSynchronizedRootGroup;
			path = "Idle Game";
			sourceTree = "<group>";
		};
		69CCFF912E0B4FC900B3E242 /* Idle GameTests */ = {
			isa = PBXFileSystemSynchronizedRootGroup;
			path = "Idle GameTests";
			sourceTree = "<group>";
		};
		69CCFF9B2E0B4FC900B3E242 /* Idle GameUITests */ = {
			isa = PBXFileSystemSynchronizedRootGroup;
			path = "Idle GameUITests";
			sourceTree = "<group>";
		};
/* End PBXFileSystemSynchronizedRootGroup section */

/* Begin PBXFrameworksBuildPhase section */
		69CCFF7E2E0B4FC700B3E242 /* Frameworks */ = {
			isa = PBXFrameworksBuildPhase;
			buildActionMask = 2147483647;
			files = (
				69B640DE2E3EBE0C0068FC13 /* SwiftyJSON in Frameworks */,
				69B640D92E3DC7760068FC13 /* SwiftUISnackbar in Frameworks */,
			);
			runOnlyForDeploymentPostprocessing = 0;
		};
		69CCFF8B2E0B4FC900B3E242 /* Frameworks */ = {
			isa = PBXFrameworksBuildPhase;
			buildActionMask = 2147483647;
			files = (
			);
			runOnlyForDeploymentPostprocessing = 0;
		};
		69CCFF952E0B4FC900B3E242 /* Frameworks */ = {
			isa = PBXFrameworksBuildPhase;
			buildActionMask = 2147483647;
			files = (
			);
			runOnlyForDeploymentPostprocessing = 0;
		};
/* End PBXFrameworksBuildPhase section */

/* Begin PBXGroup section */
		69B640D72E3DC7760068FC13 /* Frameworks */ = {
			isa = PBXGroup;
			children = (
			);
			name = Frameworks;
			sourceTree = "<group>";
		};
		69CCFF782E0B4FC700B3E242 = {
			isa = PBXGroup;
			children = (
				69CCFF832E0B4FC700B3E242 /* Idle Game */,
				69CCFF912E0B4FC900B3E242 /* Idle GameTests */,
				69CCFF9B2E0B4FC900B3E242 /* Idle GameUITests */,
				69B640D72E3DC7760068FC13 /* Frameworks */,
				69CCFF822E0B4FC700B3E242 /* Products */,
			);
			sourceTree = "<group>";
		};
		69CCFF822E0B4FC700B3E242 /* Products */ = {
			isa = PBXGroup;
			children = (
				69CCFF812E0B4FC700B3E242 /* Idle Game.app */,
				69CCFF8E2E0B4FC900B3E242 /* Idle GameTests.xctest */,
				69CCFF982E0B4FC900B3E242 /* Idle GameUITests.xctest */,
			);
			name = Products;
			sourceTree = "<group>";
		};
/* End PBXGroup section */

/* Begin PBXNativeTarget section */
		69CCFF802E0B4FC700B3E242 /* Idle Game */ = {
			isa = PBXNativeTarget;
			buildConfigurationList = 69CCFFA22E0B4FC900B3E242 /* Build configuration list for PBXNativeTarget "Idle Game" */;
			buildPhases = (
				69CCFF7D2E0B4FC700B3E242 /* Sources */,
				69CCFF7E2E0B4FC700B3E242 /* Frameworks */,
				69CCFF7F2E0B4FC700B3E242 /* Resources */,
			);
			buildRules = (
			);
			dependencies = (
			);
			fileSystemSynchronizedGroups = (
				69CCFF832E0B4FC700B3E242 /* Idle Game */,
			);
			name = "Idle Game";
			packageProductDependencies = (
				69B640D82E3DC7760068FC13 /* SwiftUISnackbar */,
				69B640DD2E3EBE0C0068FC13 /* SwiftyJSON */,
			);
			productName = "Idle Game";
			productReference = 69CCFF812E0B4FC700B3E242 /* Idle Game.app */;
			productType = "com.apple.product-type.application";
		};
		69CCFF8D2E0B4FC900B3E242 /* Idle GameTests */ = {
			isa = PBXNativeTarget;
			buildConfigurationList = 69CCFFA52E0B4FC900B3E242 /* Build configuration list for PBXNativeTarget "Idle GameTests" */;
			buildPhases = (
				69CCFF8A2E0B4FC900B3E242 /* Sources */,
				69CCFF8B2E0B4FC900B3E242 /* Frameworks */,
				69CCFF8C2E0B4FC900B3E242 /* Resources */,
			);
			buildRules = (
			);
			dependencies = (
				69CCFF902E0B4FC900B3E242 /* PBXTargetDependency */,
			);
			fileSystemSynchronizedGroups = (
				69CCFF912E0B4FC900B3E242 /* Idle GameTests */,
			);
			name = "Idle GameTests";
			packageProductDependencies = (
			);
			productName = "Idle GameTests";
			productReference = 69CCFF8E2E0B4FC900B3E242 /* Idle GameTests.xctest */;
			productType = "com.apple.product-type.bundle.unit-test";
		};
		69CCFF972E0B4FC900B3E242 /* Idle GameUITests */ = {
			isa = PBXNativeTarget;
			buildConfigurationList = 69CCFFA82E0B4FC900B3E242 /* Build configuration list for PBXNativeTarget "Idle GameUITests" */;
			buildPhases = (
				69CCFF942E0B4FC900B3E242 /* Sources */,
				69CCFF952E0B4FC900B3E242 /* Frameworks */,
				69CCFF962E0B4FC900B3E242 /* Resources */,
			);
			buildRules = (
			);
			dependencies = (
				69CCFF9A2E0B4FC900B3E242 /* PBXTargetDependency */,
			);
			fileSystemSynchronizedGroups = (
				69CCFF9B2E0B4FC900B3E242 /* Idle GameUITests */,
			);
			name = "Idle GameUITests";
			packageProductDependencies = (
			);
			productName = "Idle GameUITests";
			productReference = 69CCFF982E0B4FC900B3E242 /* Idle GameUITests.xctest */;
			productType = "com.apple.product-type.bundle.ui-testing";
		};
/* End PBXNativeTarget section */

/* Begin PBXProject section */
		69CCFF792E0B4FC700B3E242 /* Project object */ = {
			isa = PBXProject;
			attributes = {
				BuildIndependentTargetsInParallel = 1;
				LastSwiftUpdateCheck = 2600;
				LastUpgradeCheck = 2600;
				TargetAttributes = {
					69CCFF802E0B4FC700B3E242 = {
						CreatedOnToolsVersion = 26.0;
					};
					69CCFF8D2E0B4FC900B3E242 = {
						CreatedOnToolsVersion = 26.0;
						TestTargetID = 69CCFF802E0B4FC700B3E242;
					};
					69CCFF972E0B4FC900B3E242 = {
						CreatedOnToolsVersion = 26.0;
						TestTargetID = 69CCFF802E0B4FC700B3E242;
					};
				};
			};
			buildConfigurationList = 69CCFF7C2E0B4FC700B3E242 /* Build configuration list for PBXProject "Idle Game" */;
			developmentRegion = en;
			hasScannedForEncodings = 0;
			knownRegions = (
				en,
				Base,
			);
			mainGroup = 69CCFF782E0B4FC700B3E242;
			minimizedProjectReferenceProxies = 1;
			packageReferences = (
				69B640D62E3DC5190068FC13 /* XCRemoteSwiftPackageReference "SwiftUI-Snackbar" */,
				69B640DC2E3EBE0C0068FC13 /* XCRemoteSwiftPackageReference "SwiftyJSON" */,
			);
			preferredProjectObjectVersion = 77;
			productRefGroup = 69CCFF822E0B4FC700B3E242 /* Products */;
			projectDirPath = "";
			projectRoot = "";
			targets = (
				69CCFF802E0B4FC700B3E242 /* Idle Game */,
				69CCFF8D2E0B4FC900B3E242 /* Idle GameTests */,
				69CCFF972E0B4FC900B3E242 /* Idle GameUITests */,
			);
		};
/* End PBXProject section */

/* Begin PBXResourcesBuildPhase section */
		69CCFF7F2E0B4FC700B3E242 /* Resources */ = {
			isa = PBXResourcesBuildPhase;
			buildActionMask = 2147483647;
			files = (
			);
			runOnlyForDeploymentPostprocessing = 0;
		};
		69CCFF8C2E0B4FC900B3E242 /* Resources */ = {
			isa = PBXResourcesBuildPhase;
			buildActionMask = 2147483647;
			files = (
			);
			runOnlyForDeploymentPostprocessing = 0;
		};
		69CCFF962E0B4FC900B3E242 /* Resources */ = {
			isa = PBXResourcesBuildPhase;
			buildActionMask = 2147483647;
			files = (
			);
			runOnlyForDeploymentPostprocessing = 0;
		};
/* End PBXResourcesBuildPhase section */

/* Begin PBXSourcesBuildPhase section */
		69CCFF7D2E0B4FC700B3E242 /* Sources */ = {
			isa = PBXSourcesBuildPhase;
			buildActionMask = 2147483647;
			files = (
			);
			runOnlyForDeploymentPostprocessing = 0;
		};
		69CCFF8A2E0B4FC900B3E242 /* Sources */ = {
			isa = PBXSourcesBuildPhase;
			buildActionMask = 2147483647;
			files = (
			);
			runOnlyForDeploymentPostprocessing = 0;
		};
		69CCFF942E0B4FC900B3E242 /* Sources */ = {
			isa = PBXSourcesBuildPhase;
			buildActionMask = 2147483647;
			files = (
			);
			runOnlyForDeploymentPostprocessing = 0;
		};
/* End PBXSourcesBuildPhase section */

/* Begin PBXTargetDependency section */
		69CCFF902E0B4FC900B3E242 /* PBXTargetDependency */ = {
			isa = PBXTargetDependency;
			target = 69CCFF802E0B4FC700B3E242 /* Idle Game */;
			targetProxy = 69CCFF8F2E0B4FC900B3E242 /* PBXContainerItemProxy */;
		};
		69CCFF9A2E0B4FC900B3E242 /* PBXTargetDependency */ = {
			isa = PBXTargetDependency;
			target = 69CCFF802E0B4FC700B3E242 /* Idle Game */;
			targetProxy = 69CCFF992E0B4FC900B3E242 /* PBXContainerItemProxy */;
		};
/* End PBXTargetDependency section */

/* Begin XCBuildConfiguration section */
		69CCFFA02E0B4FC900B3E242 /* Debug */ = {
			isa = XCBuildConfiguration;
			buildSettings = {
				ALWAYS_SEARCH_USER_PATHS = NO;
				ASSETCATALOG_COMPILER_GENERATE_SWIFT_ASSET_SYMBOL_EXTENSIONS = YES;
				CLANG_ANALYZER_NONNULL = YES;
				CLANG_ANALYZER_NUMBER_OBJECT_CONVERSION = YES_AGGRESSIVE;
				CLANG_CXX_LANGUAGE_STANDARD = "gnu++20";
				CLANG_ENABLE_MODULES = YES;
				CLANG_ENABLE_OBJC_ARC = YES;
				CLANG_ENABLE_OBJC_WEAK = YES;
				CLANG_WARN_BLOCK_CAPTURE_AUTORELEASING = YES;
				CLANG_WARN_BOOL_CONVERSION = YES;
				CLANG_WARN_COMMA = YES;
				CLANG_WARN_CONSTANT_CONVERSION = YES;
				CLANG_WARN_DEPRECATED_OBJC_IMPLEMENTATIONS = YES;
				CLANG_WARN_DIRECT_OBJC_ISA_USAGE = YES_ERROR;
				CLANG_WARN_DOCUMENTATION_COMMENTS = YES;
				CLANG_WARN_EMPTY_BODY = YES;
				CLANG_WARN_ENUM_CONVERSION = YES;
				CLANG_WARN_INFINITE_RECURSION = YES;
				CLANG_WARN_INT_CONVERSION = YES;
				CLANG_WARN_NON_LITERAL_NULL_CONVERSION = YES;
				CLANG_WARN_OBJC_IMPLICIT_RETAIN_SELF = YES;
				CLANG_WARN_OBJC_LITERAL_CONVERSION = YES;
				CLANG_WARN_OBJC_ROOT_CLASS = YES_ERROR;
				CLANG_WARN_QUOTED_INCLUDE_IN_FRAMEWORK_HEADER = YES;
				CLANG_WARN_RANGE_LOOP_ANALYSIS = YES;
				CLANG_WARN_STRICT_PROTOTYPES = YES;
				CLANG_WARN_SUSPICIOUS_MOVE = YES;
				CLANG_WARN_UNGUARDED_AVAILABILITY = YES_AGGRESSIVE;
				CLANG_WARN_UNREACHABLE_CODE = YES;
				CLANG_WARN__DUPLICATE_METHOD_MATCH = YES;
				COPY_PHASE_STRIP = NO;
				DEBUG_INFORMATION_FORMAT = dwarf;
				DEVELOPMENT_TEAM = BT2ZA8S87T;
				ENABLE_STRICT_OBJC_MSGSEND = YES;
				ENABLE_TESTABILITY = YES;
				ENABLE_USER_SCRIPT_SANDBOXING = YES;
				GCC_C_LANGUAGE_STANDARD = gnu17;
				GCC_DYNAMIC_NO_PIC = NO;
				GCC_NO_COMMON_BLOCKS = YES;
				GCC_OPTIMIZATION_LEVEL = 0;
				GCC_PREPROCESSOR_DEFINITIONS = (
					"DEBUG=1",
					"$(inherited)",
				);
				GCC_WARN_64_TO_32_BIT_CONVERSION = YES;
				GCC_WARN_ABOUT_RETURN_TYPE = YES_ERROR;
				GCC_WARN_UNDECLARED_SELECTOR = YES;
				GCC_WARN_UNINITIALIZED_AUTOS = YES_AGGRESSIVE;
				GCC_WARN_UNUSED_FUNCTION = YES;
				GCC_WARN_UNUSED_VARIABLE = YES;
				IPHONEOS_DEPLOYMENT_TARGET = 18.0;
				LOCALIZATION_PREFERS_STRING_CATALOGS = YES;
				MTL_ENABLE_DEBUG_INFO = INCLUDE_SOURCE;
				MTL_FAST_MATH = YES;
				ONLY_ACTIVE_ARCH = YES;
				SDKROOT = iphoneos;
				SWIFT_ACTIVE_COMPILATION_CONDITIONS = "DEBUG $(inherited)";
				SWIFT_OPTIMIZATION_LEVEL = "-Onone";
			};
			name = Debug;
		};
		69CCFFA12E0B4FC900B3E242 /* Release */ = {
			isa = XCBuildConfiguration;
			buildSettings = {
				ALWAYS_SEARCH_USER_PATHS = NO;
				ASSETCATALOG_COMPILER_GENERATE_SWIFT_ASSET_SYMBOL_EXTENSIONS = YES;
				CLANG_ANALYZER_NONNULL = YES;
				CLANG_ANALYZER_NUMBER_OBJECT_CONVERSION = YES_AGGRESSIVE;
				CLANG_CXX_LANGUAGE_STANDARD = "gnu++20";
				CLANG_ENABLE_MODULES = YES;
				CLANG_ENABLE_OBJC_ARC = YES;
				CLANG_ENABLE_OBJC_WEAK = YES;
				CLANG_WARN_BLOCK_CAPTURE_AUTORELEASING = YES;
				CLANG_WARN_BOOL_CONVERSION = YES;
				CLANG_WARN_COMMA = YES;
				CLANG_WARN_CONSTANT_CONVERSION = YES;
				CLANG_WARN_DEPRECATED_OBJC_IMPLEMENTATIONS = YES;
				CLANG_WARN_DIRECT_OBJC_ISA_USAGE = YES_ERROR;
				CLANG_WARN_DOCUMENTATION_COMMENTS = YES;
				CLANG_WARN_EMPTY_BODY = YES;
				CLANG_WARN_ENUM_CONVERSION = YES;
				CLANG_WARN_INFINITE_RECURSION = YES;
				CLANG_WARN_INT_CONVERSION = YES;
				CLANG_WARN_NON_LITERAL_NULL_CONVERSION = YES;
				CLANG_WARN_OBJC_IMPLICIT_RETAIN_SELF = YES;
				CLANG_WARN_OBJC_LITERAL_CONVERSION = YES;
				CLANG_WARN_OBJC_ROOT_CLASS = YES_ERROR;
				CLANG_WARN_QUOTED_INCLUDE_IN_FRAMEWORK_HEADER = YES;
				CLANG_WARN_RANGE_LOOP_ANALYSIS = YES;
				CLANG_WARN_STRICT_PROTOTYPES = YES;
				CLANG_WARN_SUSPICIOUS_MOVE = YES;
				CLANG_WARN_UNGUARDED_AVAILABILITY = YES_AGGRESSIVE;
				CLANG_WARN_UNREACHABLE_CODE = YES;
				CLANG_WARN__DUPLICATE_METHOD_MATCH = YES;
				COPY_PHASE_STRIP = NO;
				DEBUG_INFORMATION_FORMAT = "dwarf-with-dsym";
				DEVELOPMENT_TEAM = BT2ZA8S87T;
				ENABLE_NS_ASSERTIONS = NO;
				ENABLE_STRICT_OBJC_MSGSEND = YES;
				ENABLE_USER_SCRIPT_SANDBOXING = YES;
				GCC_C_LANGUAGE_STANDARD = gnu17;
				GCC_NO_COMMON_BLOCKS = YES;
				GCC_WARN_64_TO_32_BIT_CONVERSION = YES;
				GCC_WARN_ABOUT_RETURN_TYPE = YES_ERROR;
				GCC_WARN_UNDECLARED_SELECTOR = YES;
				GCC_WARN_UNINITIALIZED_AUTOS = YES_AGGRESSIVE;
				GCC_WARN_UNUSED_FUNCTION = YES;
				GCC_WARN_UNUSED_VARIABLE = YES;
				IPHONEOS_DEPLOYMENT_TARGET = 18.0;
				LOCALIZATION_PREFERS_STRING_CATALOGS = YES;
				MTL_ENABLE_DEBUG_INFO = NO;
				MTL_FAST_MATH = YES;
				SDKROOT = iphoneos;
				SWIFT_COMPILATION_MODE = wholemodule;
				VALIDATE_PRODUCT = YES;
			};
			name = Release;
		};
		69CCFFA32E0B4FC900B3E242 /* Debug */ = {
			isa = XCBuildConfiguration;
			buildSettings = {
				ASSETCATALOG_COMPILER_APPICON_NAME = AppIcon;
				ASSETCATALOG_COMPILER_GLOBAL_ACCENT_COLOR_NAME = AccentColor;
				CODE_SIGN_STYLE = Automatic;
				CURRENT_PROJECT_VERSION = 1;
				DEVELOPMENT_TEAM = BT2ZA8S87T;
				ENABLE_PREVIEWS = YES;
				GENERATE_INFOPLIST_FILE = YES;
				INFOPLIST_KEY_UIApplicationSceneManifest_Generation = YES;
				INFOPLIST_KEY_UIApplicationSupportsIndirectInputEvents = YES;
				INFOPLIST_KEY_UILaunchScreen_Generation = YES;
				INFOPLIST_KEY_UISupportedInterfaceOrientations = "UIInterfaceOrientationLandscapeLeft UIInterfaceOrientationLandscapeRight UIInterfaceOrientationPortrait UIInterfaceOrientationPortraitUpsideDown";
				IPHONEOS_DEPLOYMENT_TARGET = 18.0;
				LD_RUNPATH_SEARCH_PATHS = (
					"$(inherited)",
					"@executable_path/Frameworks",
				);
				MARKETING_VERSION = 1.0;
				PRODUCT_BUNDLE_IDENTIFIER = "dev.hammerpot.Idle-Game";
				PRODUCT_NAME = "$(TARGET_NAME)";
				STRING_CATALOG_GENERATE_SYMBOLS = YES;
				SWIFT_DEFAULT_ACTOR_ISOLATION = MainActor;
				SWIFT_EMIT_LOC_STRINGS = YES;
				SWIFT_UPCOMING_FEATURE_MEMBER_IMPORT_VISIBILITY = YES;
				SWIFT_VERSION = 5.0;
				TARGETED_DEVICE_FAMILY = "1,2";
			};
			name = Debug;
		};
		69CCFFA42E0B4FC900B3E242 /* Release */ = {
			isa = XCBuildConfiguration;
			buildSettings = {
				ASSETCATALOG_COMPILER_APPICON_NAME = AppIcon;
				ASSETCATALOG_COMPILER_GLOBAL_ACCENT_COLOR_NAME = AccentColor;
				CODE_SIGN_STYLE = Automatic;
				CURRENT_PROJECT_VERSION = 1;
				DEVELOPMENT_TEAM = BT2ZA8S87T;
				ENABLE_PREVIEWS = YES;
				GENERATE_INFOPLIST_FILE = YES;
				INFOPLIST_KEY_UIApplicationSceneManifest_Generation = YES;
				INFOPLIST_KEY_UIApplicationSupportsIndirectInputEvents = YES;
				INFOPLIST_KEY_UILaunchScreen_Generation = YES;
				INFOPLIST_KEY_UISupportedInterfaceOrientations = "UIInterfaceOrientationLandscapeLeft UIInterfaceOrientationLandscapeRight UIInterfaceOrientationPortrait UIInterfaceOrientationPortraitUpsideDown";
				IPHONEOS_DEPLOYMENT_TARGET = 18.0;
				LD_RUNPATH_SEARCH_PATHS = (
					"$(inherited)",
					"@executable_path/Frameworks",
				);
				MARKETING_VERSION = 1.0;
				PRODUCT_BUNDLE_IDENTIFIER = "dev.hammerpot.Idle-Game";
				PRODUCT_NAME = "$(TARGET_NAME)";
				STRING_CATALOG_GENERATE_SYMBOLS = YES;
				SWIFT_DEFAULT_ACTOR_ISOLATION = MainActor;
				SWIFT_EMIT_LOC_STRINGS = YES;
				SWIFT_UPCOMING_FEATURE_MEMBER_IMPORT_VISIBILITY = YES;
				SWIFT_VERSION = 5.0;
				TARGETED_DEVICE_FAMILY = "1,2";
			};
			name = Release;
		};
		69CCFFA62E0B4FC900B3E242 /* Debug */ = {
			isa = XCBuildConfiguration;
			buildSettings = {
				BUNDLE_LOADER = "$(TEST_HOST)";
				CODE_SIGN_STYLE = Automatic;
				CURRENT_PROJECT_VERSION = 1;
				DEVELOPMENT_TEAM = BT2ZA8S87T;
				GENERATE_INFOPLIST_FILE = YES;
				IPHONEOS_DEPLOYMENT_TARGET = 26.0;
				MARKETING_VERSION = 1.0;
				PRODUCT_BUNDLE_IDENTIFIER = "dev.hammerpot.Idle-GameTests";
				PRODUCT_NAME = "$(TARGET_NAME)";
				STRING_CATALOG_GENERATE_SYMBOLS = NO;
				SWIFT_EMIT_LOC_STRINGS = NO;
				SWIFT_UPCOMING_FEATURE_MEMBER_IMPORT_VISIBILITY = YES;
				SWIFT_VERSION = 5.0;
				TARGETED_DEVICE_FAMILY = "1,2";
				TEST_HOST = "$(BUILT_PRODUCTS_DIR)/Idle Game.app/$(BUNDLE_EXECUTABLE_FOLDER_PATH)/Idle Game";
			};
			name = Debug;
		};
		69CCFFA72E0B4FC900B3E242 /* Release */ = {
			isa = XCBuildConfiguration;
			buildSettings = {
				BUNDLE_LOADER = "$(TEST_HOST)";
				CODE_SIGN_STYLE = Automatic;
				CURRENT_PROJECT_VERSION = 1;
				DEVELOPMENT_TEAM = BT2ZA8S87T;
				GENERATE_INFOPLIST_FILE = YES;
				IPHONEOS_DEPLOYMENT_TARGET = 26.0;
				MARKETING_VERSION = 1.0;
				PRODUCT_BUNDLE_IDENTIFIER = "dev.hammerpot.Idle-GameTests";
				PRODUCT_NAME = "$(TARGET_NAME)";
				STRING_CATALOG_GENERATE_SYMBOLS = NO;
				SWIFT_EMIT_LOC_STRINGS = NO;
				SWIFT_UPCOMING_FEATURE_MEMBER_IMPORT_VISIBILITY = YES;
				SWIFT_VERSION = 5.0;
				TARGETED_DEVICE_FAMILY = "1,2";
				TEST_HOST = "$(BUILT_PRODUCTS_DIR)/Idle Game.app/$(BUNDLE_EXECUTABLE_FOLDER_PATH)/Idle Game";
			};
			name = Release;
		};
		69CCFFA92E0B4FC900B3E242 /* Debug */ = {
			isa = XCBuildConfiguration;
			buildSettings = {
				CODE_SIGN_STYLE = Automatic;
				CURRENT_PROJECT_VERSION = 1;
				DEVELOPMENT_TEAM = BT2ZA8S87T;
				GENERATE_INFOPLIST_FILE = YES;
				MARKETING_VERSION = 1.0;
				PRODUCT_BUNDLE_IDENTIFIER = "dev.hammerpot.Idle-GameUITests";
				PRODUCT_NAME = "$(TARGET_NAME)";
				STRING_CATALOG_GENERATE_SYMBOLS = NO;
				SWIFT_EMIT_LOC_STRINGS = NO;
				SWIFT_UPCOMING_FEATURE_MEMBER_IMPORT_VISIBILITY = YES;
				SWIFT_VERSION = 5.0;
				TARGETED_DEVICE_FAMILY = "1,2";
				TEST_TARGET_NAME = "Idle Game";
			};
			name = Debug;
		};
		69CCFFAA2E0B4FC900B3E242 /* Release */ = {
			isa = XCBuildConfiguration;
			buildSettings = {
				CODE_SIGN_STYLE = Automatic;
				CURRENT_PROJECT_VERSION = 1;
				DEVELOPMENT_TEAM = BT2ZA8S87T;
				GENERATE_INFOPLIST_FILE = YES;
				MARKETING_VERSION = 1.0;
				PRODUCT_BUNDLE_IDENTIFIER = "dev.hammerpot.Idle-GameUITests";
				PRODUCT_NAME = "$(TARGET_NAME)";
				STRING_CATALOG_GENERATE_SYMBOLS = NO;
				SWIFT_EMIT_LOC_STRINGS = NO;
				SWIFT_UPCOMING_FEATURE_MEMBER_IMPORT_VISIBILITY = YES;
				SWIFT_VERSION = 5.0;
				TARGETED_DEVICE_FAMILY = "1,2";
				TEST_TARGET_NAME = "Idle Game";
			};
			name = Release;
		};
/* End XCBuildConfiguration section */

/* Begin XCConfigurationList section */
		69CCFF7C2E0B4FC700B3E242 /* Build configuration list for PBXProject "Idle Game" */ = {
			isa = XCConfigurationList;
			buildConfigurations = (
				69CCFFA02E0B4FC900B3E242 /* Debug */,
				69CCFFA12E0B4FC900B3E242 /* Release */,
			);
			defaultConfigurationIsVisible = 0;
			defaultConfigurationName = Release;
		};
		69CCFFA22E0B4FC900B3E242 /* Build configuration list for PBXNativeTarget "Idle Game" */ = {
			isa = XCConfigurationList;
			buildConfigurations = (
				69CCFFA32E0B4FC900B3E242 /* Debug */,
				69CCFFA42E0B4FC900B3E242 /* Release */,
			);
			defaultConfigurationIsVisible = 0;
			defaultConfigurationName = Release;
		};
		69CCFFA52E0B4FC900B3E242 /* Build configuration list for PBXNativeTarget "Idle GameTests" */ = {
			isa = XCConfigurationList;
			buildConfigurations = (
				69CCFFA62E0B4FC900B3E242 /* Debug */,
				69CCFFA72E0B4FC900B3E242 /* Release */,
			);
			defaultConfigurationIsVisible = 0;
			defaultConfigurationName = Release;
		};
		69CCFFA82E0B4FC900B3E242 /* Build configuration list for PBXNativeTarget "Idle GameUITests" */ = {
			isa = XCConfigurationList;
			buildConfigurations = (
				69CCFFA92E0B4FC900B3E242 /* Debug */,
				69CCFFAA2E0B4FC900B3E242 /* Release */,
			);
			defaultConfigurationIsVisible = 0;
			defaultConfigurationName = Release;
		};
/* End XCConfigurationList section */

/* Begin XCRemoteSwiftPackageReference section */
		69B640D62E3DC5190068FC13 /* XCRemoteSwiftPackageReference "SwiftUI-Snackbar" */ = {
			isa = XCRemoteSwiftPackageReference;
			repositoryURL = "https://github.com/chrisnyw/SwiftUI-Snackbar";
			requirement = {
				kind = upToNextMajorVersion;
				minimumVersion = 1.0.1;
			};
		};
		69B640DC2E3EBE0C0068FC13 /* XCRemoteSwiftPackageReference "SwiftyJSON" */ = {
			isa = XCRemoteSwiftPackageReference;
			repositoryURL = "https://github.com/SwiftyJSON/SwiftyJSON.git";
			requirement = {
				kind = upToNextMajorVersion;
				minimumVersion = 5.0.2;
			};
		};
/* End XCRemoteSwiftPackageReference section */

/* Begin XCSwiftPackageProductDependency section */
		69B640D82E3DC7760068FC13 /* SwiftUISnackbar */ = {
			isa = XCSwiftPackageProductDependency;
			package = 69B640D62E3DC5190068FC13 /* XCRemoteSwiftPackageReference "SwiftUI-Snackbar" */;
			productName = SwiftUISnackbar;
		};
		69B640DD2E3EBE0C0068FC13 /* SwiftyJSON */ = {
			isa = XCSwiftPackageProductDependency;
			package = 69B640DC2E3EBE0C0068FC13 /* XCRemoteSwiftPackageReference "SwiftyJSON" */;
			productName = SwiftyJSON;
		};
/* End XCSwiftPackageProductDependency section */
	};
	rootObject = 69CCFF792E0B4FC700B3E242 /* Project object */;
}
